
Microsoft Visual Studio Solution File, Format Version 12.00
# Visual Studio Version 16
VisualStudioVersion = 16.0.30406.217
MinimumVisualStudioVersion = 10.0.40219.1
Project("{9A19103F-16F7-4668-BE54-9A1E7A4F7556}") = "Api", "MinhasSenhas\Api.csproj", "{6C162A43-974A-4091-BB85-4B968D1A74A5}"
EndProject
Project("{9A19103F-16F7-4668-BE54-9A1E7A4F7556}") = "Domain", "Domain\Domain.csproj", "{6030E6E9-F987-4FB8-A5E2-F636EC8A78DD}"
EndProject
Project("{9A19103F-16F7-4668-BE54-9A1E7A4F7556}") = "Application", "Application\Application.csproj", "{5F38DCCC-38FF-4855-A57E-22C9B32D9B14}"
EndProject
Global
	GlobalSection(SolutionConfigurationPlatforms) = preSolution
		Debug|Any CPU = Debug|Any CPU
		Release|Any CPU = Release|Any CPU
	EndGlobalSection
	GlobalSection(ProjectConfigurationPlatforms) = postSolution
		{6C162A43-974A-4091-BB85-4B968D1A74A5}.Debug|Any CPU.ActiveCfg = Debug|Any CPU
		{6C162A43-974A-4091-BB85-4B968D1A74A5}.Debug|Any CPU.Build.0 = Debug|Any CPU
		{6C162A43-974A-4091-BB85-4B968D1A74A5}.Release|Any CPU.ActiveCfg = Release|Any CPU
		{6C162A43-974A-4091-BB85-4B968D1A74A5}.Release|Any CPU.Build.0 = Release|Any CPU
		{6030E6E9-F987-4FB8-A5E2-F636EC8A78DD}.Debug|Any CPU.ActiveCfg = Debug|Any CPU
		{6030E6E9-F987-4FB8-A5E2-F636EC8A78DD}.Debug|Any CPU.Build.0 = Debug|Any CPU
		{6030E6E9-F987-4FB8-A5E2-F636EC8A78DD}.Release|Any CPU.ActiveCfg = Release|Any CPU
		{6030E6E9-F987-4FB8-A5E2-F636EC8A78DD}.Release|Any CPU.Build.0 = Release|Any CPU
		{5F38DCCC-38FF-4855-A57E-22C9B32D9B14}.Debug|Any CPU.ActiveCfg = Debug|Any CPU
		{5F38DCCC-38FF-4855-A57E-22C9B32D9B14}.Debug|Any CPU.Build.0 = Debug|Any CPU
		{5F38DCCC-38FF-4855-A57E-22C9B32D9B14}.Release|Any CPU.ActiveCfg = Release|Any CPU
		{5F38DCCC-38FF-4855-A57E-22C9B32D9B14}.Release|Any CPU.Build.0 = Release|Any CPU
	EndGlobalSection
	GlobalSection(SolutionProperties) = preSolution
		HideSolutionNode = FALSE
	EndGlobalSection
	GlobalSection(ExtensibilityGlobals) = postSolution
		SolutionGuid = {AA81614F-34BB-428E-AD5A-771D41191022}
	EndGlobalSection
EndGlobal
